
Microsoft Visual Studio Solution File, Format Version 12.00
# Visual Studio Version 16
VisualStudioVersion = 16.0.29905.134
MinimumVisualStudioVersion = 10.0.40219.1
Project("{FAE04EC0-301F-11D3-BF4B-00C04F79EFBC}") = "TravelClient", "TravelClient\TravelClient.csproj", "{5AD74359-CE6D-4E22-8DA9-3A85E0A7BD8E}"
EndProject
Global
	GlobalSection(SolutionConfigurationPlatforms) = preSolution
		Debug|Any CPU = Debug|Any CPU
		Release|Any CPU = Release|Any CPU
	EndGlobalSection
	GlobalSection(ProjectConfigurationPlatforms) = postSolution
		{5AD74359-CE6D-4E22-8DA9-3A85E0A7BD8E}.Debug|Any CPU.ActiveCfg = Debug|Any CPU
		{5AD74359-CE6D-4E22-8DA9-3A85E0A7BD8E}.Debug|Any CPU.Build.0 = Debug|Any CPU
		{5AD74359-CE6D-4E22-8DA9-3A85E0A7BD8E}.Release|Any CPU.ActiveCfg = Release|Any CPU
		{5AD74359-CE6D-4E22-8DA9-3A85E0A7BD8E}.Release|Any CPU.Build.0 = Release|Any CPU
	EndGlobalSection
	GlobalSection(SolutionProperties) = preSolution
		HideSolutionNode = FALSE
	EndGlobalSection
	GlobalSection(ExtensibilityGlobals) = postSolution
		SolutionGuid = {90D0D643-5E6C-4315-B64D-D074E8E5C732}
	EndGlobalSection
EndGlobal
